
Microsoft Visual Studio Solution File, Format Version 12.00
# Visual Studio Version 16
VisualStudioVersion = 16.0.30907.101
MinimumVisualStudioVersion = 10.0.40219.1
Project("{FAE04EC0-301F-11D3-BF4B-00C04F79EFBC}") = "Business", "Business\Business.csproj", "{F56D579A-86A9-427D-A4B7-E31654881FBF}"
EndProject
Project("{FAE04EC0-301F-11D3-BF4B-00C04F79EFBC}") = "DataAccess", "DataAccess\DataAccess.csproj", "{1B8905C8-1490-4AD1-8856-F44DEA710C2E}"
EndProject
Project("{FAE04EC0-301F-11D3-BF4B-00C04F79EFBC}") = "Entities", "Entities\Entities.csproj", "{95358E43-17BD-4024-9FCC-0A3AA73FA360}"
EndProject
Project("{FAE04EC0-301F-11D3-BF4B-00C04F79EFBC}") = "ConsoleUI", "ConsoleUI\ConsoleUI.csproj", "{C7B66296-1CD8-4049-9975-2364F59BD498}"
EndProject
Project("{FAE04EC0-301F-11D3-BF4B-00C04F79EFBC}") = "Core", "Core\Core.csproj", "{1BF0B8EC-2E4C-4B77-821F-FED20FA5E4C7}"
EndProject
Global
	GlobalSection(SolutionConfigurationPlatforms) = preSolution
		Debug|Any CPU = Debug|Any CPU
		Release|Any CPU = Release|Any CPU
	EndGlobalSection
	GlobalSection(ProjectConfigurationPlatforms) = postSolution
		{F56D579A-86A9-427D-A4B7-E31654881FBF}.Debug|Any CPU.ActiveCfg = Debug|Any CPU
		{F56D579A-86A9-427D-A4B7-E31654881FBF}.Debug|Any CPU.Build.0 = Debug|Any CPU
		{F56D579A-86A9-427D-A4B7-E31654881FBF}.Release|Any CPU.ActiveCfg = Release|Any CPU
		{F56D579A-86A9-427D-A4B7-E31654881FBF}.Release|Any CPU.Build.0 = Release|Any CPU
		{1B8905C8-1490-4AD1-8856-F44DEA710C2E}.Debug|Any CPU.ActiveCfg = Debug|Any CPU
		{1B8905C8-1490-4AD1-8856-F44DEA710C2E}.Debug|Any CPU.Build.0 = Debug|Any CPU
		{1B8905C8-1490-4AD1-8856-F44DEA710C2E}.Release|Any CPU.ActiveCfg = Release|Any CPU
		{1B8905C8-1490-4AD1-8856-F44DEA710C2E}.Release|Any CPU.Build.0 = Release|Any CPU
		{95358E43-17BD-4024-9FCC-0A3AA73FA360}.Debug|Any CPU.ActiveCfg = Debug|Any CPU
		{95358E43-17BD-4024-9FCC-0A3AA73FA360}.Debug|Any CPU.Build.0 = Debug|Any CPU
		{95358E43-17BD-4024-9FCC-0A3AA73FA360}.Release|Any CPU.ActiveCfg = Release|Any CPU
		{95358E43-17BD-4024-9FCC-0A3AA73FA360}.Release|Any CPU.Build.0 = Release|Any CPU
		{C7B66296-1CD8-4049-9975-2364F59BD498}.Debug|Any CPU.ActiveCfg = Debug|Any CPU
		{C7B66296-1CD8-4049-9975-2364F59BD498}.Debug|Any CPU.Build.0 = Debug|Any CPU
		{C7B66296-1CD8-4049-9975-2364F59BD498}.Release|Any CPU.ActiveCfg = Release|Any CPU
		{C7B66296-1CD8-4049-9975-2364F59BD498}.Release|Any CPU.Build.0 = Release|Any CPU
		{1BF0B8EC-2E4C-4B77-821F-FED20FA5E4C7}.Debug|Any CPU.ActiveCfg = Debug|Any CPU
		{1BF0B8EC-2E4C-4B77-821F-FED20FA5E4C7}.Debug|Any CPU.Build.0 = Debug|Any CPU
		{1BF0B8EC-2E4C-4B77-821F-FED20FA5E4C7}.Release|Any CPU.ActiveCfg = Release|Any CPU
		{1BF0B8EC-2E4C-4B77-821F-FED20FA5E4C7}.Release|Any CPU.Build.0 = Release|Any CPU
	EndGlobalSection
	GlobalSection(SolutionProperties) = preSolution
		HideSolutionNode = FALSE
	EndGlobalSection
	GlobalSection(ExtensibilityGlobals) = postSolution
		SolutionGuid = {E79B035E-D014-4474-9559-2C36FFDB5115}
	EndGlobalSection
EndGlobal
